
Microsoft Visual Studio Solution File, Format Version 12.00
# Visual Studio Version 16
VisualStudioVersion = 16.0.31019.35
MinimumVisualStudioVersion = 10.0.40219.1
Project("{F184B08F-C81C-45F6-A57F-5ABD9991F28F}") = "AttendanceProjectFInal", "AttendanceProjectFInal\AttendanceProjectFInal.vbproj", "{5A4D1AB3-9BA5-41D7-963B-ADBF5C72E037}"
EndProject
Global
	GlobalSection(SolutionConfigurationPlatforms) = preSolution
		Debug|Any CPU = Debug|Any CPU
		Release|Any CPU = Release|Any CPU
	EndGlobalSection
	GlobalSection(ProjectConfigurationPlatforms) = postSolution
		{5A4D1AB3-9BA5-41D7-963B-ADBF5C72E037}.Debug|Any CPU.ActiveCfg = Debug|Any CPU
		{5A4D1AB3-9BA5-41D7-963B-ADBF5C72E037}.Debug|Any CPU.Build.0 = Debug|Any CPU
		{5A4D1AB3-9BA5-41D7-963B-ADBF5C72E037}.Release|Any CPU.ActiveCfg = Release|Any CPU
		{5A4D1AB3-9BA5-41D7-963B-ADBF5C72E037}.Release|Any CPU.Build.0 = Release|Any CPU
	EndGlobalSection
	GlobalSection(SolutionProperties) = preSolution
		HideSolutionNode = FALSE
	EndGlobalSection
	GlobalSection(ExtensibilityGlobals) = postSolution
		SolutionGuid = {EB1C9DCE-D348-4B09-AC08-FA819A81937B}
	EndGlobalSection
EndGlobal
